{
  "requires": true,
  "lockfileVersion": 1,
  "dependencies": {
    "gitbook-plugin-search-pro-fixed": {
      "version": "1.0.1",
      "resolved": "https://registry.npmjs.org/gitbook-plugin-search-pro-fixed/-/gitbook-plugin-search-pro-fixed-1.0.1.tgz",
      "integrity": "sha512-X6pBgfN54D3Ij+iF4cw44PZCdOvjnqboEoi0bsolEYPzcJOXFiiemxYt+rit95T8UbSaML38o8SCPzl9grM/zA==",
      "requires": {
        "html-entities": "1.2.0"
      },
      "dependencies": {
        "html-entities": {
          "version": "1.2.0",
          "resolved": "https://registry.npmjs.org/html-entities/-/html-entities-1.2.0.tgz",
          "integrity": "sha1-QZSMr4XOgv7Tbk5qDtNxpmZDeeI="
        }
      }
    }
  }
}
